// !$*UTF8*$!
{
	archiveVersion = 1;
	classes = {
	};
	objectVersion = 56;
	objects = {

/* Begin PBXBuildFile section */
		F66038532C928931008F17B7 /* MapView.swift in Sources */ = {isa = PBXBuildFile; fileRef = F66038522C928931008F17B7 /* MapView.swift */; };
		F66038552C928B40008F17B7 /* AddNoteView.swift in Sources */ = {isa = PBXBuildFile; fileRef = F66038542C928B40008F17B7 /* AddNoteView.swift */; };
		F66038582C928B5B008F17B7 /* Note.swift in Sources */ = {isa = PBXBuildFile; fileRef = F66038562C928B5B008F17B7 /* Note.swift */; };
		F66038592C928B5B008F17B7 /* NotesListView.swift in Sources */ = {isa = PBXBuildFile; fileRef = F66038572C928B5B008F17B7 /* NotesListView.swift */; };
		F6615E922C93CAA800D24F3A /* EditLocation.swift in Sources */ = {isa = PBXBuildFile; fileRef = F6615E912C93CAA800D24F3A /* EditLocation.swift */; };
		F6BF73362C8D73F80011D5D5 /* AppDelegate.swift in Sources */ = {isa = PBXBuildFile; fileRef = F6BF73352C8D73F80011D5D5 /* AppDelegate.swift */; };
		F6BF733E2C8DE9540011D5D5 /* CameraView.swift in Sources */ = {isa = PBXBuildFile; fileRef = F6BF733D2C8DE9540011D5D5 /* CameraView.swift */; };
		F6F9058C2C8C49E100815465 /* zhixingApp.swift in Sources */ = {isa = PBXBuildFile; fileRef = F6F9058B2C8C49E100815465 /* zhixingApp.swift */; };
		F6F9058E2C8C49E100815465 /* ContentView.swift in Sources */ = {isa = PBXBuildFile; fileRef = F6F9058D2C8C49E100815465 /* ContentView.swift */; };
		F6F905902C8C49E200815465 /* Assets.xcassets in Resources */ = {isa = PBXBuildFile; fileRef = F6F9058F2C8C49E200815465 /* Assets.xcassets */; };
		F6F905932C8C49E200815465 /* Preview Assets.xcassets in Resources */ = {isa = PBXBuildFile; fileRef = F6F905922C8C49E200815465 /* Preview Assets.xcassets */; };
		F6F9059D2C8C49E200815465 /* zhixingTests.swift in Sources */ = {isa = PBXBuildFile; fileRef = F6F9059C2C8C49E200815465 /* zhixingTests.swift */; };
		F6F905A72C8C49E200815465 /* zhixingUITests.swift in Sources */ = {isa = PBXBuildFile; fileRef = F6F905A62C8C49E200815465 /* zhixingUITests.swift */; };
		F6F905A92C8C49E200815465 /* zhixingUITestsLaunchTests.swift in Sources */ = {isa = PBXBuildFile; fileRef = F6F905A82C8C49E200815465 /* zhixingUITestsLaunchTests.swift */; };
		F6F905B62C8C4BF200815465 /* LocationManager.swift in Sources */ = {isa = PBXBuildFile; fileRef = F6F905B52C8C4BF200815465 /* LocationManager.swift */; };
		F6F905B82C8C4CB100815465 /* ImagePicker.swift in Sources */ = {isa = PBXBuildFile; fileRef = F6F905B72C8C4CB100815465 /* ImagePicker.swift */; };
/* End PBXBuildFile section */

/* Begin PBXContainerItemProxy section */
		F6F905992C8C49E200815465 /* PBXContainerItemProxy */ = {
			isa = PBXContainerItemProxy;
			containerPortal = F6F905802C8C49E000815465 /* Project object */;
			proxyType = 1;
			remoteGlobalIDString = F6F905872C8C49E100815465;
			remoteInfo = zhixing;
		};
		F6F905A32C8C49E200815465 /* PBXContainerItemProxy */ = {
			isa = PBXContainerItemProxy;
			containerPortal = F6F905802C8C49E000815465 /* Project object */;
			proxyType = 1;
			remoteGlobalIDString = F6F905872C8C49E100815465;
			remoteInfo = zhixing;
		};
/* End PBXContainerItemProxy section */

/* Begin PBXFileReference section */
		F66038522C928931008F17B7 /* MapView.swift */ = {isa = PBXFileReference; lastKnownFileType = sourcecode.swift; path = MapView.swift; sourceTree = "<group>"; };
		F66038542C928B40008F17B7 /* AddNoteView.swift */ = {isa = PBXFileReference; fileEncoding = 4; lastKnownFileType = sourcecode.swift; path = AddNoteView.swift; sourceTree = "<group>"; };
		F66038562C928B5B008F17B7 /* Note.swift */ = {isa = PBXFileReference; fileEncoding = 4; lastKnownFileType = sourcecode.swift; path = Note.swift; sourceTree = "<group>"; };
		F66038572C928B5B008F17B7 /* NotesListView.swift */ = {isa = PBXFileReference; fileEncoding = 4; lastKnownFileType = sourcecode.swift; path = NotesListView.swift; sourceTree = "<group>"; };
		F6615E912C93CAA800D24F3A /* EditLocation.swift */ = {isa = PBXFileReference; lastKnownFileType = sourcecode.swift; path = EditLocation.swift; sourceTree = "<group>"; };
		F6BF73352C8D73F80011D5D5 /* AppDelegate.swift */ = {isa = PBXFileReference; lastKnownFileType = sourcecode.swift; path = AppDelegate.swift; sourceTree = "<group>"; };
		F6BF733D2C8DE9540011D5D5 /* CameraView.swift */ = {isa = PBXFileReference; lastKnownFileType = sourcecode.swift; path = CameraView.swift; sourceTree = "<group>"; };
		F6F905882C8C49E100815465 /* zhixing.app */ = {isa = PBXFileReference; explicitFileType = wrapper.application; includeInIndex = 0; path = zhixing.app; sourceTree = BUILT_PRODUCTS_DIR; };
		F6F9058B2C8C49E100815465 /* zhixingApp.swift */ = {isa = PBXFileReference; lastKnownFileType = sourcecode.swift; path = zhixingApp.swift; sourceTree = "<group>"; };
		F6F9058D2C8C49E100815465 /* ContentView.swift */ = {isa = PBXFileReference; lastKnownFileType = sourcecode.swift; path = ContentView.swift; sourceTree = "<group>"; };
		F6F9058F2C8C49E200815465 /* Assets.xcassets */ = {isa = PBXFileReference; lastKnownFileType = folder.assetcatalog; path = Assets.xcassets; sourceTree = "<group>"; };
		F6F905922C8C49E200815465 /* Preview Assets.xcassets */ = {isa = PBXFileReference; lastKnownFileType = folder.assetcatalog; path = "Preview Assets.xcassets"; sourceTree = "<group>"; };
		F6F905982C8C49E200815465 /* zhixingTests.xctest */ = {isa = PBXFileReference; explicitFileType = wrapper.cfbundle; includeInIndex = 0; path = zhixingTests.xctest; sourceTree = BUILT_PRODUCTS_DIR; };
		F6F9059C2C8C49E200815465 /* zhixingTests.swift */ = {isa = PBXFileReference; lastKnownFileType = sourcecode.swift; path = zhixingTests.swift; sourceTree = "<group>"; };
		F6F905A22C8C49E200815465 /* zhixingUITests.xctest */ = {isa = PBXFileReference; explicitFileType = wrapper.cfbundle; includeInIndex = 0; path = zhixingUITests.xctest; sourceTree = BUILT_PRODUCTS_DIR; };
		F6F905A62C8C49E200815465 /* zhixingUITests.swift */ = {isa = PBXFileReference; lastKnownFileType = sourcecode.swift; path = zhixingUITests.swift; sourceTree = "<group>"; };
		F6F905A82C8C49E200815465 /* zhixingUITestsLaunchTests.swift */ = {isa = PBXFileReference; lastKnownFileType = sourcecode.swift; path = zhixingUITestsLaunchTests.swift; sourceTree = "<group>"; };
		F6F905B52C8C4BF200815465 /* LocationManager.swift */ = {isa = PBXFileReference; lastKnownFileType = sourcecode.swift; path = LocationManager.swift; sourceTree = "<group>"; };
		F6F905B72C8C4CB100815465 /* ImagePicker.swift */ = {isa = PBXFileReference; lastKnownFileType = sourcecode.swift; path = ImagePicker.swift; sourceTree = "<group>"; };
		F6F905B92C8C4D9D00815465 /* Info.plist */ = {isa = PBXFileReference; lastKnownFileType = text.plist; path = Info.plist; sourceTree = "<group>"; };
/* End PBXFileReference section */

/* Begin PBXFrameworksBuildPhase section */
		F6F905852C8C49E100815465 /* Frameworks */ = {
			isa = PBXFrameworksBuildPhase;
			buildActionMask = 2147483647;
			files = (
			);
			runOnlyForDeploymentPostprocessing = 0;
		};
		F6F905952C8C49E200815465 /* Frameworks */ = {
			isa = PBXFrameworksBuildPhase;
			buildActionMask = 2147483647;
			files = (
			);
			runOnlyForDeploymentPostprocessing = 0;
		};
		F6F9059F2C8C49E200815465 /* Frameworks */ = {
			isa = PBXFrameworksBuildPhase;
			buildActionMask = 2147483647;
			files = (
			);
			runOnlyForDeploymentPostprocessing = 0;
		};
/* End PBXFrameworksBuildPhase section */

/* Begin PBXGroup section */
		F6F9057F2C8C49E000815465 = {
			isa = PBXGroup;
			children = (
				F6BF73352C8D73F80011D5D5 /* AppDelegate.swift */,
				F6F9058A2C8C49E100815465 /* zhixing */,
				F6F9059B2C8C49E200815465 /* zhixingTests */,
				F6F905A52C8C49E200815465 /* zhixingUITests */,
				F6F905892C8C49E100815465 /* Products */,
			);
			sourceTree = "<group>";
		};
		F6F905892C8C49E100815465 /* Products */ = {
			isa = PBXGroup;
			children = (
				F6F905882C8C49E100815465 /* zhixing.app */,
				F6F905982C8C49E200815465 /* zhixingTests.xctest */,
				F6F905A22C8C49E200815465 /* zhixingUITests.xctest */,
			);
			name = Products;
			sourceTree = "<group>";
		};
		F6F9058A2C8C49E100815465 /* zhixing */ = {
			isa = PBXGroup;
			children = (
				F66038562C928B5B008F17B7 /* Note.swift */,
				F66038572C928B5B008F17B7 /* NotesListView.swift */,
				F66038542C928B40008F17B7 /* AddNoteView.swift */,
				F6F905B92C8C4D9D00815465 /* Info.plist */,
				F6F9058B2C8C49E100815465 /* zhixingApp.swift */,
				F6F9058D2C8C49E100815465 /* ContentView.swift */,
				F6F9058F2C8C49E200815465 /* Assets.xcassets */,
				F6F905912C8C49E200815465 /* Preview Content */,
				F6F905B52C8C4BF200815465 /* LocationManager.swift */,
				F6F905B72C8C4CB100815465 /* ImagePicker.swift */,
				F6BF733D2C8DE9540011D5D5 /* CameraView.swift */,
				F66038522C928931008F17B7 /* MapView.swift */,
				F6615E912C93CAA800D24F3A /* EditLocation.swift */,
			);
			path = zhixing;
			sourceTree = "<group>";
		};
		F6F905912C8C49E200815465 /* Preview Content */ = {
			isa = PBXGroup;
			children = (
				F6F905922C8C49E200815465 /* Preview Assets.xcassets */,
			);
			path = "Preview Content";
			sourceTree = "<group>";
		};
		F6F9059B2C8C49E200815465 /* zhixingTests */ = {
			isa = PBXGroup;
			children = (
				F6F9059C2C8C49E200815465 /* zhixingTests.swift */,
			);
			path = zhixingTests;
			sourceTree = "<group>";
		};
		F6F905A52C8C49E200815465 /* zhixingUITests */ = {
			isa = PBXGroup;
			children = (
				F6F905A62C8C49E200815465 /* zhixingUITests.swift */,
				F6F905A82C8C49E200815465 /* zhixingUITestsLaunchTests.swift */,
			);
			path = zhixingUITests;
			sourceTree = "<group>";
		};
/* End PBXGroup section */

/* Begin PBXNativeTarget section */
		F6F905872C8C49E100815465 /* zhixing */ = {
			isa = PBXNativeTarget;
			buildConfigurationList = F6F905AC2C8C49E200815465 /* Build configuration list for PBXNativeTarget "zhixing" */;
			buildPhases = (
				F6F905842C8C49E100815465 /* Sources */,
				F6F905852C8C49E100815465 /* Frameworks */,
				F6F905862C8C49E100815465 /* Resources */,
			);
			buildRules = (
			);
			dependencies = (
			);
			name = zhixing;
			productName = zhixing;
			productReference = F6F905882C8C49E100815465 /* zhixing.app */;
			productType = "com.apple.product-type.application";
		};
		F6F905972C8C49E200815465 /* zhixingTests */ = {
			isa = PBXNativeTarget;
			buildConfigurationList = F6F905AF2C8C49E200815465 /* Build configuration list for PBXNativeTarget "zhixingTests" */;
			buildPhases = (
				F6F905942C8C49E200815465 /* Sources */,
				F6F905952C8C49E200815465 /* Frameworks */,
				F6F905962C8C49E200815465 /* Resources */,
			);
			buildRules = (
			);
			dependencies = (
				F6F9059A2C8C49E200815465 /* PBXTargetDependency */,
			);
			name = zhixingTests;
			productName = zhixingTests;
			productReference = F6F905982C8C49E200815465 /* zhixingTests.xctest */;
			productType = "com.apple.product-type.bundle.unit-test";
		};
		F6F905A12C8C49E200815465 /* zhixingUITests */ = {
			isa = PBXNativeTarget;
			buildConfigurationList = F6F905B22C8C49E200815465 /* Build configuration list for PBXNativeTarget "zhixingUITests" */;
			buildPhases = (
				F6F9059E2C8C49E200815465 /* Sources */,
				F6F9059F2C8C49E200815465 /* Frameworks */,
				F6F905A02C8C49E200815465 /* Resources */,
			);
			buildRules = (
			);
			dependencies = (
				F6F905A42C8C49E200815465 /* PBXTargetDependency */,
			);
			name = zhixingUITests;
			productName = zhixingUITests;
			productReference = F6F905A22C8C49E200815465 /* zhixingUITests.xctest */;
			productType = "com.apple.product-type.bundle.ui-testing";
		};
/* End PBXNativeTarget section */

/* Begin PBXProject section */
		F6F905802C8C49E000815465 /* Project object */ = {
			isa = PBXProject;
			attributes = {
				BuildIndependentTargetsInParallel = 1;
				LastSwiftUpdateCheck = 1540;
				LastUpgradeCheck = 1540;
				TargetAttributes = {
					F6F905872C8C49E100815465 = {
						CreatedOnToolsVersion = 15.4;
					};
					F6F905972C8C49E200815465 = {
						CreatedOnToolsVersion = 15.4;
						TestTargetID = F6F905872C8C49E100815465;
					};
					F6F905A12C8C49E200815465 = {
						CreatedOnToolsVersion = 15.4;
						TestTargetID = F6F905872C8C49E100815465;
					};
				};
			};
			buildConfigurationList = F6F905832C8C49E000815465 /* Build configuration list for PBXProject "zhixing" */;
			compatibilityVersion = "Xcode 14.0";
			developmentRegion = en;
			hasScannedForEncodings = 0;
			knownRegions = (
				en,
				Base,
			);
			mainGroup = F6F9057F2C8C49E000815465;
			productRefGroup = F6F905892C8C49E100815465 /* Products */;
			projectDirPath = "";
			projectRoot = "";
			targets = (
				F6F905872C8C49E100815465 /* zhixing */,
				F6F905972C8C49E200815465 /* zhixingTests */,
				F6F905A12C8C49E200815465 /* zhixingUITests */,
			);
		};
/* End PBXProject section */

/* Begin PBXResourcesBuildPhase section */
		F6F905862C8C49E100815465 /* Resources */ = {
			isa = PBXResourcesBuildPhase;
			buildActionMask = 2147483647;
			files = (
				F6F905932C8C49E200815465 /* Preview Assets.xcassets in Resources */,
				F6F905902C8C49E200815465 /* Assets.xcassets in Resources */,
			);
			runOnlyForDeploymentPostprocessing = 0;
		};
		F6F905962C8C49E200815465 /* Resources */ = {
			isa = PBXResourcesBuildPhase;
			buildActionMask = 2147483647;
			files = (
			);
			runOnlyForDeploymentPostprocessing = 0;
		};
		F6F905A02C8C49E200815465 /* Resources */ = {
			isa = PBXResourcesBuildPhase;
			buildActionMask = 2147483647;
			files = (
			);
			runOnlyForDeploymentPostprocessing = 0;
		};
/* End PBXResourcesBuildPhase section */

/* Begin PBXSourcesBuildPhase section */
		F6F905842C8C49E100815465 /* Sources */ = {
			isa = PBXSourcesBuildPhase;
			buildActionMask = 2147483647;
			files = (
				F66038532C928931008F17B7 /* MapView.swift in Sources */,
				F6F9058E2C8C49E100815465 /* ContentView.swift in Sources */,
				F6F905B82C8C4CB100815465 /* ImagePicker.swift in Sources */,
				F6F9058C2C8C49E100815465 /* zhixingApp.swift in Sources */,
				F6615E922C93CAA800D24F3A /* EditLocation.swift in Sources */,
				F6BF733E2C8DE9540011D5D5 /* CameraView.swift in Sources */,
				F66038582C928B5B008F17B7 /* Note.swift in Sources */,
				F6BF73362C8D73F80011D5D5 /* AppDelegate.swift in Sources */,
				F66038552C928B40008F17B7 /* AddNoteView.swift in Sources */,
				F66038592C928B5B008F17B7 /* NotesListView.swift in Sources */,
				F6F905B62C8C4BF200815465 /* LocationManager.swift in Sources */,
			);
			runOnlyForDeploymentPostprocessing = 0;
		};
		F6F905942C8C49E200815465 /* Sources */ = {
			isa = PBXSourcesBuildPhase;
			buildActionMask = 2147483647;
			files = (
				F6F9059D2C8C49E200815465 /* zhixingTests.swift in Sources */,
			);
			runOnlyForDeploymentPostprocessing = 0;
		};
		F6F9059E2C8C49E200815465 /* Sources */ = {
			isa = PBXSourcesBuildPhase;
			buildActionMask = 2147483647;
			files = (
				F6F905A92C8C49E200815465 /* zhixingUITestsLaunchTests.swift in Sources */,
				F6F905A72C8C49E200815465 /* zhixingUITests.swift in Sources */,
			);
			runOnlyForDeploymentPostprocessing = 0;
		};
/* End PBXSourcesBuildPhase section */

/* Begin PBXTargetDependency section */
		F6F9059A2C8C49E200815465 /* PBXTargetDependency */ = {
			isa = PBXTargetDependency;
			target = F6F905872C8C49E100815465 /* zhixing */;
			targetProxy = F6F905992C8C49E200815465 /* PBXContainerItemProxy */;
		};
		F6F905A42C8C49E200815465 /* PBXTargetDependency */ = {
			isa = PBXTargetDependency;
			target = F6F905872C8C49E100815465 /* zhixing */;
			targetProxy = F6F905A32C8C49E200815465 /* PBXContainerItemProxy */;
		};
/* End PBXTargetDependency section */

/* Begin XCBuildConfiguration section */
		F6F905AA2C8C49E200815465 /* Debug */ = {
			isa = XCBuildConfiguration;
			buildSettings = {
				ALWAYS_SEARCH_USER_PATHS = NO;
				ASSETCATALOG_COMPILER_GENERATE_SWIFT_ASSET_SYMBOL_EXTENSIONS = YES;
				CLANG_ANALYZER_NONNULL = YES;
				CLANG_ANALYZER_NUMBER_OBJECT_CONVERSION = YES_AGGRESSIVE;
				CLANG_CXX_LANGUAGE_STANDARD = "gnu++20";
				CLANG_ENABLE_MODULES = YES;
				CLANG_ENABLE_OBJC_ARC = YES;
				CLANG_ENABLE_OBJC_WEAK = YES;
				CLANG_WARN_BLOCK_CAPTURE_AUTORELEASING = YES;
				CLANG_WARN_BOOL_CONVERSION = YES;
				CLANG_WARN_COMMA = YES;
				CLANG_WARN_CONSTANT_CONVERSION = YES;
				CLANG_WARN_DEPRECATED_OBJC_IMPLEMENTATIONS = YES;
				CLANG_WARN_DIRECT_OBJC_ISA_USAGE = YES_ERROR;
				CLANG_WARN_DOCUMENTATION_COMMENTS = YES;
				CLANG_WARN_EMPTY_BODY = YES;
				CLANG_WARN_ENUM_CONVERSION = YES;
				CLANG_WARN_INFINITE_RECURSION = YES;
				CLANG_WARN_INT_CONVERSION = YES;
				CLANG_WARN_NON_LITERAL_NULL_CONVERSION = YES;
				CLANG_WARN_OBJC_IMPLICIT_RETAIN_SELF = YES;
				CLANG_WARN_OBJC_LITERAL_CONVERSION = YES;
				CLANG_WARN_OBJC_ROOT_CLASS = YES_ERROR;
				CLANG_WARN_QUOTED_INCLUDE_IN_FRAMEWORK_HEADER = YES;
				CLANG_WARN_RANGE_LOOP_ANALYSIS = YES;
				CLANG_WARN_STRICT_PROTOTYPES = YES;
				CLANG_WARN_SUSPICIOUS_MOVE = YES;
				CLANG_WARN_UNGUARDED_AVAILABILITY = YES_AGGRESSIVE;
				CLANG_WARN_UNREACHABLE_CODE = YES;
				CLANG_WARN__DUPLICATE_METHOD_MATCH = YES;
				COPY_PHASE_STRIP = NO;
				DEBUG_INFORMATION_FORMAT = dwarf;
				ENABLE_STRICT_OBJC_MSGSEND = YES;
				ENABLE_TESTABILITY = YES;
				ENABLE_USER_SCRIPT_SANDBOXING = YES;
				GCC_C_LANGUAGE_STANDARD = gnu17;
				GCC_DYNAMIC_NO_PIC = NO;
				GCC_NO_COMMON_BLOCKS = YES;
				GCC_OPTIMIZATION_LEVEL = 0;
				GCC_PREPROCESSOR_DEFINITIONS = (
					"DEBUG=1",
					"$(inherited)",
				);
				GCC_WARN_64_TO_32_BIT_CONVERSION = YES;
				GCC_WARN_ABOUT_RETURN_TYPE = YES_ERROR;
				GCC_WARN_UNDECLARED_SELECTOR = YES;
				GCC_WARN_UNINITIALIZED_AUTOS = YES_AGGRESSIVE;
				GCC_WARN_UNUSED_FUNCTION = YES;
				GCC_WARN_UNUSED_VARIABLE = YES;
				IPHONEOS_DEPLOYMENT_TARGET = 17.5;
				LOCALIZATION_PREFERS_STRING_CATALOGS = YES;
				MTL_ENABLE_DEBUG_INFO = INCLUDE_SOURCE;
				MTL_FAST_MATH = YES;
				ONLY_ACTIVE_ARCH = YES;
				SDKROOT = iphoneos;
				SWIFT_ACTIVE_COMPILATION_CONDITIONS = "DEBUG $(inherited)";
				SWIFT_OPTIMIZATION_LEVEL = "-Onone";
			};
			name = Debug;
		};
		F6F905AB2C8C49E200815465 /* Release */ = {
			isa = XCBuildConfiguration;
			buildSettings = {
				ALWAYS_SEARCH_USER_PATHS = NO;
				ASSETCATALOG_COMPILER_GENERATE_SWIFT_ASSET_SYMBOL_EXTENSIONS = YES;
				CLANG_ANALYZER_NONNULL = YES;
				CLANG_ANALYZER_NUMBER_OBJECT_CONVERSION = YES_AGGRESSIVE;
				CLANG_CXX_LANGUAGE_STANDARD = "gnu++20";
				CLANG_ENABLE_MODULES = YES;
				CLANG_ENABLE_OBJC_ARC = YES;
				CLANG_ENABLE_OBJC_WEAK = YES;
				CLANG_WARN_BLOCK_CAPTURE_AUTORELEASING = YES;
				CLANG_WARN_BOOL_CONVERSION = YES;
				CLANG_WARN_COMMA = YES;
				CLANG_WARN_CONSTANT_CONVERSION = YES;
				CLANG_WARN_DEPRECATED_OBJC_IMPLEMENTATIONS = YES;
				CLANG_WARN_DIRECT_OBJC_ISA_USAGE = YES_ERROR;
				CLANG_WARN_DOCUMENTATION_COMMENTS = YES;
				CLANG_WARN_EMPTY_BODY = YES;
				CLANG_WARN_ENUM_CONVERSION = YES;
				CLANG_WARN_INFINITE_RECURSION = YES;
				CLANG_WARN_INT_CONVERSION = YES;
				CLANG_WARN_NON_LITERAL_NULL_CONVERSION = YES;
				CLANG_WARN_OBJC_IMPLICIT_RETAIN_SELF = YES;
				CLANG_WARN_OBJC_LITERAL_CONVERSION = YES;
				CLANG_WARN_OBJC_ROOT_CLASS = YES_ERROR;
				CLANG_WARN_QUOTED_INCLUDE_IN_FRAMEWORK_HEADER = YES;
				CLANG_WARN_RANGE_LOOP_ANALYSIS = YES;
				CLANG_WARN_STRICT_PROTOTYPES = YES;
				CLANG_WARN_SUSPICIOUS_MOVE = YES;
				CLANG_WARN_UNGUARDED_AVAILABILITY = YES_AGGRESSIVE;
				CLANG_WARN_UNREACHABLE_CODE = YES;
				CLANG_WARN__DUPLICATE_METHOD_MATCH = YES;
				COPY_PHASE_STRIP = NO;
				DEBUG_INFORMATION_FORMAT = "dwarf-with-dsym";
				ENABLE_NS_ASSERTIONS = NO;
				ENABLE_STRICT_OBJC_MSGSEND = YES;
				ENABLE_USER_SCRIPT_SANDBOXING = YES;
				GCC_C_LANGUAGE_STANDARD = gnu17;
				GCC_NO_COMMON_BLOCKS = YES;
				GCC_WARN_64_TO_32_BIT_CONVERSION = YES;
				GCC_WARN_ABOUT_RETURN_TYPE = YES_ERROR;
				GCC_WARN_UNDECLARED_SELECTOR = YES;
				GCC_WARN_UNINITIALIZED_AUTOS = YES_AGGRESSIVE;
				GCC_WARN_UNUSED_FUNCTION = YES;
				GCC_WARN_UNUSED_VARIABLE = YES;
				IPHONEOS_DEPLOYMENT_TARGET = 17.5;
				LOCALIZATION_PREFERS_STRING_CATALOGS = YES;
				MTL_ENABLE_DEBUG_INFO = NO;
				MTL_FAST_MATH = YES;
				SDKROOT = iphoneos;
				SWIFT_COMPILATION_MODE = wholemodule;
				VALIDATE_PRODUCT = YES;
			};
			name = Release;
		};
		F6F905AD2C8C49E200815465 /* Debug */ = {
			isa = XCBuildConfiguration;
			buildSettings = {
				ASSETCATALOG_COMPILER_APPICON_NAME = AppIcon;
				ASSETCATALOG_COMPILER_GLOBAL_ACCENT_COLOR_NAME = AccentColor;
				CODE_SIGN_STYLE = Automatic;
				CURRENT_PROJECT_VERSION = 1;
				DEVELOPMENT_ASSET_PATHS = "\"zhixing/Preview Content\"";
				DEVELOPMENT_TEAM = BA8XCB3SBT;
				ENABLE_PREVIEWS = YES;
				GENERATE_INFOPLIST_FILE = YES;
				INFOPLIST_FILE = zhixing/Info.plist;
				INFOPLIST_KEY_LSApplicationCategoryType = "";
				INFOPLIST_KEY_NSCameraUsageDescription = "我们需要访问相机来拍摄照片并添加水印";
				INFOPLIST_KEY_NSLocationAlwaysAndWhenInUseUsageDescription = "我们需要在后台访问您的位置以提供更准确的位置水印。\"\n我们需要在后台访问您的位置以提供更准确的位置水印。\"\n我们需要在后台访问您的位置以提供更准确的位置";
				INFOPLIST_KEY_NSLocationWhenInUseUsageDescription = "我们需要访问您的位置以在照片上添加位置水印";
				INFOPLIST_KEY_NSPhotoLibraryAddUsageDescription = "需要访问相片才能存储照片";
				INFOPLIST_KEY_NSPhotoLibraryUsageDescription = "需要访问相片才能存储照片";
				INFOPLIST_KEY_UIApplicationSceneManifest_Generation = YES;
				INFOPLIST_KEY_UILaunchScreen_Generation = YES;
				INFOPLIST_KEY_UISupportedInterfaceOrientations_iPad = "UIInterfaceOrientationPortrait UIInterfaceOrientationPortraitUpsideDown UIInterfaceOrientationLandscapeLeft UIInterfaceOrientationLandscapeRight";
				INFOPLIST_KEY_UISupportedInterfaceOrientations_iPhone = UIInterfaceOrientationPortrait;
				LD_RUNPATH_SEARCH_PATHS = (
					"$(inherited)",
					"@executable_path/Frameworks",
				);
				MARKETING_VERSION = 1.0;
				PRODUCT_BUNDLE_IDENTIFIER = com.penrose.zhixing;
				PRODUCT_NAME = "$(TARGET_NAME)";
				SWIFT_EMIT_LOC_STRINGS = YES;
				SWIFT_VERSION = 5.0;
				TARGETED_DEVICE_FAMILY = "1,2";
			};
			name = Debug;
		};
		F6F905AE2C8C49E200815465 /* Release */ = {
			isa = XCBuildConfiguration;
			buildSettings = {
				ASSETCATALOG_COMPILER_APPICON_NAME = AppIcon;
				ASSETCATALOG_COMPILER_GLOBAL_ACCENT_COLOR_NAME = AccentColor;
				CODE_SIGN_STYLE = Automatic;
				CURRENT_PROJECT_VERSION = 1;
				DEVELOPMENT_ASSET_PATHS = "\"zhixing/Preview Content\"";
				DEVELOPMENT_TEAM = BA8XCB3SBT;
				ENABLE_PREVIEWS = YES;
				GENERATE_INFOPLIST_FILE = YES;
				INFOPLIST_FILE = zhixing/Info.plist;
				INFOPLIST_KEY_LSApplicationCategoryType = "";
				INFOPLIST_KEY_NSCameraUsageDescription = "我们需要访问相机来拍摄照片并添加水印";
				INFOPLIST_KEY_NSLocationAlwaysAndWhenInUseUsageDescription = "我们需要在后台访问您的位置以提供更准确的位置水印。\"\n我们需要在后台访问您的位置以提供更准确的位置水印。\"\n我们需要在后台访问您的位置以提供更准确的位置";
				INFOPLIST_KEY_NSLocationWhenInUseUsageDescription = "我们需要访问您的位置以在照片上添加位置水印";
				INFOPLIST_KEY_NSPhotoLibraryAddUsageDescription = "需要访问相片才能存储照片";
				INFOPLIST_KEY_NSPhotoLibraryUsageDescription = "需要访问相片才能存储照片";
				INFOPLIST_KEY_UIApplicationSceneManifest_Generation = YES;
				INFOPLIST_KEY_UILaunchScreen_Generation = YES;
				INFOPLIST_KEY_UISupportedInterfaceOrientations_iPad = "UIInterfaceOrientationPortrait UIInterfaceOrientationPortraitUpsideDown UIInterfaceOrientationLandscapeLeft UIInterfaceOrientationLandscapeRight";
				INFOPLIST_KEY_UISupportedInterfaceOrientations_iPhone = UIInterfaceOrientationPortrait;
				LD_RUNPATH_SEARCH_PATHS = (
					"$(inherited)",
					"@executable_path/Frameworks",
				);
				MARKETING_VERSION = 1.0;
				PRODUCT_BUNDLE_IDENTIFIER = com.penrose.zhixing;
				PRODUCT_NAME = "$(TARGET_NAME)";
				SWIFT_EMIT_LOC_STRINGS = YES;
				SWIFT_VERSION = 5.0;
				TARGETED_DEVICE_FAMILY = "1,2";
			};
			name = Release;
		};
		F6F905B02C8C49E200815465 /* Debug */ = {
			isa = XCBuildConfiguration;
			buildSettings = {
				ALWAYS_EMBED_SWIFT_STANDARD_LIBRARIES = YES;
				BUNDLE_LOADER = "$(TEST_HOST)";
				CODE_SIGN_STYLE = Automatic;
				CURRENT_PROJECT_VERSION = 1;
				DEVELOPMENT_TEAM = BA8XCB3SBT;
				GENERATE_INFOPLIST_FILE = YES;
				IPHONEOS_DEPLOYMENT_TARGET = 17.5;
				MARKETING_VERSION = 1.0;
				PRODUCT_BUNDLE_IDENTIFIER = com.penrose.zhixingTests;
				PRODUCT_NAME = "$(TARGET_NAME)";
				SWIFT_EMIT_LOC_STRINGS = NO;
				SWIFT_VERSION = 5.0;
				TARGETED_DEVICE_FAMILY = "1,2";
				TEST_HOST = "$(BUILT_PRODUCTS_DIR)/zhixing.app/$(BUNDLE_EXECUTABLE_FOLDER_PATH)/zhixing";
			};
			name = Debug;
		};
		F6F905B12C8C49E200815465 /* Release */ = {
			isa = XCBuildConfiguration;
			buildSettings = {
				ALWAYS_EMBED_SWIFT_STANDARD_LIBRARIES = YES;
				BUNDLE_LOADER = "$(TEST_HOST)";
				CODE_SIGN_STYLE = Automatic;
				CURRENT_PROJECT_VERSION = 1;
				DEVELOPMENT_TEAM = BA8XCB3SBT;
				GENERATE_INFOPLIST_FILE = YES;
				IPHONEOS_DEPLOYMENT_TARGET = 17.5;
				MARKETING_VERSION = 1.0;
				PRODUCT_BUNDLE_IDENTIFIER = com.penrose.zhixingTests;
				PRODUCT_NAME = "$(TARGET_NAME)";
				SWIFT_EMIT_LOC_STRINGS = NO;
				SWIFT_VERSION = 5.0;
				TARGETED_DEVICE_FAMILY = "1,2";
				TEST_HOST = "$(BUILT_PRODUCTS_DIR)/zhixing.app/$(BUNDLE_EXECUTABLE_FOLDER_PATH)/zhixing";
			};
			name = Release;
		};
		F6F905B32C8C49E200815465 /* Debug */ = {
			isa = XCBuildConfiguration;
			buildSettings = {
				ALWAYS_EMBED_SWIFT_STANDARD_LIBRARIES = YES;
				CODE_SIGN_STYLE = Automatic;
				CURRENT_PROJECT_VERSION = 1;
				DEVELOPMENT_TEAM = BA8XCB3SBT;
				GENERATE_INFOPLIST_FILE = YES;
				MARKETING_VERSION = 1.0;
				PRODUCT_BUNDLE_IDENTIFIER = com.penrose.zhixingUITests;
				PRODUCT_NAME = "$(TARGET_NAME)";
				SWIFT_EMIT_LOC_STRINGS = NO;
				SWIFT_VERSION = 5.0;
				TARGETED_DEVICE_FAMILY = "1,2";
				TEST_TARGET_NAME = zhixing;
			};
			name = Debug;
		};
		F6F905B42C8C49E200815465 /* Release */ = {
			isa = XCBuildConfiguration;
			buildSettings = {
				ALWAYS_EMBED_SWIFT_STANDARD_LIBRARIES = YES;
				CODE_SIGN_STYLE = Automatic;
				CURRENT_PROJECT_VERSION = 1;
				DEVELOPMENT_TEAM = BA8XCB3SBT;
				GENERATE_INFOPLIST_FILE = YES;
				MARKETING_VERSION = 1.0;
				PRODUCT_BUNDLE_IDENTIFIER = com.penrose.zhixingUITests;
				PRODUCT_NAME = "$(TARGET_NAME)";
				SWIFT_EMIT_LOC_STRINGS = NO;
				SWIFT_VERSION = 5.0;
				TARGETED_DEVICE_FAMILY = "1,2";
				TEST_TARGET_NAME = zhixing;
			};
			name = Release;
		};
/* End XCBuildConfiguration section */

/* Begin XCConfigurationList section */
		F6F905832C8C49E000815465 /* Build configuration list for PBXProject "zhixing" */ = {
			isa = XCConfigurationList;
			buildConfigurations = (
				F6F905AA2C8C49E200815465 /* Debug */,
				F6F905AB2C8C49E200815465 /* Release */,
			);
			defaultConfigurationIsVisible = 0;
			defaultConfigurationName = Release;
		};
		F6F905AC2C8C49E200815465 /* Build configuration list for PBXNativeTarget "zhixing" */ = {
			isa = XCConfigurationList;
			buildConfigurations = (
				F6F905AD2C8C49E200815465 /* Debug */,
				F6F905AE2C8C49E200815465 /* Release */,
			);
			defaultConfigurationIsVisible = 0;
			defaultConfigurationName = Release;
		};
		F6F905AF2C8C49E200815465 /* Build configuration list for PBXNativeTarget "zhixingTests" */ = {
			isa = XCConfigurationList;
			buildConfigurations = (
				F6F905B02C8C49E200815465 /* Debug */,
				F6F905B12C8C49E200815465 /* Release */,
			);
			defaultConfigurationIsVisible = 0;
			defaultConfigurationName = Release;
		};
		F6F905B22C8C49E200815465 /* Build configuration list for PBXNativeTarget "zhixingUITests" */ = {
			isa = XCConfigurationList;
			buildConfigurations = (
				F6F905B32C8C49E200815465 /* Debug */,
				F6F905B42C8C49E200815465 /* Release */,
			);
			defaultConfigurationIsVisible = 0;
			defaultConfigurationName = Release;
		};
/* End XCConfigurationList section */
	};
	rootObject = F6F905802C8C49E000815465 /* Project object */;
}
